
Microsoft Visual Studio Solution File, Format Version 11.00
# Visual Studio 2010
Project("{FAE04EC0-301F-11D3-BF4B-00C04F79EFBC}") = "ProjectCow", "ProjectCow\ProjectCow\ProjectCow.csproj", "{83F3CBDE-D577-4639-B801-91297799E54F}"
EndProject
Project("{FAE04EC0-301F-11D3-BF4B-00C04F79EFBC}") = "ProjectCowContent", "ProjectCow\ProjectCowContent\ProjectCowContent.contentproj", "{BF9A9EF7-7374-450C-9143-6E480572CF3C}"
EndProject
Project("{FAE04EC0-301F-11D3-BF4B-00C04F79EFBC}") = "ProjectCowTest", "ProjectCowTest\ProjectCowTest.csproj", "{DE5F3358-9BF6-47C6-9379-EBE718BCED89}"
	ProjectSection(ProjectDependencies) = postProject
		{83F3CBDE-D577-4639-B801-91297799E54F} = {83F3CBDE-D577-4639-B801-91297799E54F}
	EndProjectSection
EndProject
Project("{2150E333-8FDC-42A3-9474-1A3956D46DE8}") = "Solution Items", "Solution Items", "{4E163B33-A73B-459E-A443-52859A9E1C25}"
	ProjectSection(SolutionItems) = preProject
		Local.testsettings = Local.testsettings
		ProjectCow.vsmdi = ProjectCow.vsmdi
		TraceAndTestImpact.testsettings = TraceAndTestImpact.testsettings
	EndProjectSection
EndProject
Global
	GlobalSection(TestCaseManagementSettings) = postSolution
		CategoryFile = ProjectCow.vsmdi
	EndGlobalSection
	GlobalSection(SolutionConfigurationPlatforms) = preSolution
		Debug|Any CPU = Debug|Any CPU
		Debug|Mixed Platforms = Debug|Mixed Platforms
		Debug|x86 = Debug|x86
		Release|Any CPU = Release|Any CPU
		Release|Mixed Platforms = Release|Mixed Platforms
		Release|x86 = Release|x86
	EndGlobalSection
	GlobalSection(ProjectConfigurationPlatforms) = postSolution
		{83F3CBDE-D577-4639-B801-91297799E54F}.Debug|Any CPU.ActiveCfg = Debug|x86
		{83F3CBDE-D577-4639-B801-91297799E54F}.Debug|Mixed Platforms.ActiveCfg = Debug|x86
		{83F3CBDE-D577-4639-B801-91297799E54F}.Debug|Mixed Platforms.Build.0 = Debug|x86
		{83F3CBDE-D577-4639-B801-91297799E54F}.Debug|x86.ActiveCfg = Debug|x86
		{83F3CBDE-D577-4639-B801-91297799E54F}.Debug|x86.Build.0 = Debug|x86
		{83F3CBDE-D577-4639-B801-91297799E54F}.Release|Any CPU.ActiveCfg = Release|x86
		{83F3CBDE-D577-4639-B801-91297799E54F}.Release|Mixed Platforms.ActiveCfg = Release|x86
		{83F3CBDE-D577-4639-B801-91297799E54F}.Release|Mixed Platforms.Build.0 = Release|x86
		{83F3CBDE-D577-4639-B801-91297799E54F}.Release|x86.ActiveCfg = Release|x86
		{83F3CBDE-D577-4639-B801-91297799E54F}.Release|x86.Build.0 = Release|x86
		{BF9A9EF7-7374-450C-9143-6E480572CF3C}.Debug|Any CPU.ActiveCfg = Debug|x86
		{BF9A9EF7-7374-450C-9143-6E480572CF3C}.Debug|Mixed Platforms.ActiveCfg = Debug|x86
		{BF9A9EF7-7374-450C-9143-6E480572CF3C}.Debug|x86.ActiveCfg = Debug|x86
		{BF9A9EF7-7374-450C-9143-6E480572CF3C}.Release|Any CPU.ActiveCfg = Release|x86
		{BF9A9EF7-7374-450C-9143-6E480572CF3C}.Release|Mixed Platforms.ActiveCfg = Release|x86
		{BF9A9EF7-7374-450C-9143-6E480572CF3C}.Release|x86.ActiveCfg = Release|x86
		{DE5F3358-9BF6-47C6-9379-EBE718BCED89}.Debug|Any CPU.ActiveCfg = Debug|Any CPU
		{DE5F3358-9BF6-47C6-9379-EBE718BCED89}.Debug|Any CPU.Build.0 = Debug|Any CPU
		{DE5F3358-9BF6-47C6-9379-EBE718BCED89}.Debug|Mixed Platforms.ActiveCfg = Debug|Any CPU
		{DE5F3358-9BF6-47C6-9379-EBE718BCED89}.Debug|Mixed Platforms.Build.0 = Debug|Any CPU
		{DE5F3358-9BF6-47C6-9379-EBE718BCED89}.Debug|x86.ActiveCfg = Debug|Any CPU
		{DE5F3358-9BF6-47C6-9379-EBE718BCED89}.Release|Any CPU.ActiveCfg = Release|Any CPU
		{DE5F3358-9BF6-47C6-9379-EBE718BCED89}.Release|Any CPU.Build.0 = Release|Any CPU
		{DE5F3358-9BF6-47C6-9379-EBE718BCED89}.Release|Mixed Platforms.ActiveCfg = Release|Any CPU
		{DE5F3358-9BF6-47C6-9379-EBE718BCED89}.Release|Mixed Platforms.Build.0 = Release|Any CPU
		{DE5F3358-9BF6-47C6-9379-EBE718BCED89}.Release|x86.ActiveCfg = Release|Any CPU
	EndGlobalSection
	GlobalSection(SolutionProperties) = preSolution
		HideSolutionNode = FALSE
	EndGlobalSection
EndGlobal
